
Microsoft Visual Studio Solution File, Format Version 12.00
# Visual Studio Version 16
VisualStudioVersion = 16.0.30104.148
MinimumVisualStudioVersion = 10.0.40219.1
Project("{9A19103F-16F7-4668-BE54-9A1E7A4F7556}") = "Taxi.Web", "Taxi.Web\Taxi.Web.csproj", "{981D0D5F-E2A9-408D-B3D8-EB71BD39E3FA}"
EndProject
Project("{9A19103F-16F7-4668-BE54-9A1E7A4F7556}") = "Taxi.Prism", "Taxi.Prism\Taxi.Prism\Taxi.Prism.csproj", "{215B2B64-F6D4-46A0-815A-149DBFBEB724}"
EndProject
Project("{FAE04EC0-301F-11D3-BF4B-00C04F79EFBC}") = "Taxi.Prism.Android", "Taxi.Prism\Taxi.Prism.Android\Taxi.Prism.Android.csproj", "{448F2DE8-558E-4FFA-9CB2-00E4FE3664FA}"
EndProject
Project("{FAE04EC0-301F-11D3-BF4B-00C04F79EFBC}") = "Taxi.Prism.iOS", "Taxi.Prism\Taxi.Prism.iOS\Taxi.Prism.iOS.csproj", "{8596A37D-E168-4BEB-B8DE-CF815487C47D}"
EndProject
Project("{FAE04EC0-301F-11D3-BF4B-00C04F79EFBC}") = "Taxi.Cross.Android", "Taxi.Cross.Android\Taxi.Cross.Android.csproj", "{D29994BB-60F4-48EB-BE6E-03A2D86FA823}"
EndProject
Project("{FAE04EC0-301F-11D3-BF4B-00C04F79EFBC}") = "Taxi.Cross.iOS", "Taxi.Cross.iOS\Taxi.Cross.iOS.csproj", "{9C0E7F84-9BE6-44A6-8D08-E886D5C3BD95}"
EndProject
Project("{FAE04EC0-301F-11D3-BF4B-00C04F79EFBC}") = "Taxi.Common", "Taxi.Common\Taxi.Common.csproj", "{1A8F5538-FE17-4154-9866-D767A8E66932}"
EndProject
Global
	GlobalSection(SolutionConfigurationPlatforms) = preSolution
		Ad-Hoc|Any CPU = Ad-Hoc|Any CPU
		Ad-Hoc|iPhone = Ad-Hoc|iPhone
		Ad-Hoc|iPhoneSimulator = Ad-Hoc|iPhoneSimulator
		AppStore|Any CPU = AppStore|Any CPU
		AppStore|iPhone = AppStore|iPhone
		AppStore|iPhoneSimulator = AppStore|iPhoneSimulator
		Debug|Any CPU = Debug|Any CPU
		Debug|iPhone = Debug|iPhone
		Debug|iPhoneSimulator = Debug|iPhoneSimulator
		Release|Any CPU = Release|Any CPU
		Release|iPhone = Release|iPhone
		Release|iPhoneSimulator = Release|iPhoneSimulator
	EndGlobalSection
	GlobalSection(ProjectConfigurationPlatforms) = postSolution
		{981D0D5F-E2A9-408D-B3D8-EB71BD39E3FA}.Ad-Hoc|Any CPU.ActiveCfg = Release|Any CPU
		{981D0D5F-E2A9-408D-B3D8-EB71BD39E3FA}.Ad-Hoc|Any CPU.Build.0 = Release|Any CPU
		{981D0D5F-E2A9-408D-B3D8-EB71BD39E3FA}.Ad-Hoc|iPhone.ActiveCfg = Release|Any CPU
		{981D0D5F-E2A9-408D-B3D8-EB71BD39E3FA}.Ad-Hoc|iPhone.Build.0 = Release|Any CPU
		{981D0D5F-E2A9-408D-B3D8-EB71BD39E3FA}.Ad-Hoc|iPhoneSimulator.ActiveCfg = Release|Any CPU
		{981D0D5F-E2A9-408D-B3D8-EB71BD39E3FA}.Ad-Hoc|iPhoneSimulator.Build.0 = Release|Any CPU
		{981D0D5F-E2A9-408D-B3D8-EB71BD39E3FA}.AppStore|Any CPU.ActiveCfg = Release|Any CPU
		{981D0D5F-E2A9-408D-B3D8-EB71BD39E3FA}.AppStore|Any CPU.Build.0 = Release|Any CPU
		{981D0D5F-E2A9-408D-B3D8-EB71BD39E3FA}.AppStore|iPhone.ActiveCfg = Release|Any CPU
		{981D0D5F-E2A9-408D-B3D8-EB71BD39E3FA}.AppStore|iPhone.Build.0 = Release|Any CPU
		{981D0D5F-E2A9-408D-B3D8-EB71BD39E3FA}.AppStore|iPhoneSimulator.ActiveCfg = Release|Any CPU
		{981D0D5F-E2A9-408D-B3D8-EB71BD39E3FA}.AppStore|iPhoneSimulator.Build.0 = Release|Any CPU
		{981D0D5F-E2A9-408D-B3D8-EB71BD39E3FA}.Debug|Any CPU.ActiveCfg = Debug|Any CPU
		{981D0D5F-E2A9-408D-B3D8-EB71BD39E3FA}.Debug|Any CPU.Build.0 = Debug|Any CPU
		{981D0D5F-E2A9-408D-B3D8-EB71BD39E3FA}.Debug|iPhone.ActiveCfg = Debug|Any CPU
		{981D0D5F-E2A9-408D-B3D8-EB71BD39E3FA}.Debug|iPhone.Build.0 = Debug|Any CPU
		{981D0D5F-E2A9-408D-B3D8-EB71BD39E3FA}.Debug|iPhoneSimulator.ActiveCfg = Debug|Any CPU
		{981D0D5F-E2A9-408D-B3D8-EB71BD39E3FA}.Debug|iPhoneSimulator.Build.0 = Debug|Any CPU
		{981D0D5F-E2A9-408D-B3D8-EB71BD39E3FA}.Release|Any CPU.ActiveCfg = Release|Any CPU
		{981D0D5F-E2A9-408D-B3D8-EB71BD39E3FA}.Release|Any CPU.Build.0 = Release|Any CPU
		{981D0D5F-E2A9-408D-B3D8-EB71BD39E3FA}.Release|iPhone.ActiveCfg = Release|Any CPU
		{981D0D5F-E2A9-408D-B3D8-EB71BD39E3FA}.Release|iPhone.Build.0 = Release|Any CPU
		{981D0D5F-E2A9-408D-B3D8-EB71BD39E3FA}.Release|iPhoneSimulator.ActiveCfg = Release|Any CPU
		{981D0D5F-E2A9-408D-B3D8-EB71BD39E3FA}.Release|iPhoneSimulator.Build.0 = Release|Any CPU
		{215B2B64-F6D4-46A0-815A-149DBFBEB724}.Ad-Hoc|Any CPU.ActiveCfg = Debug|Any CPU
		{215B2B64-F6D4-46A0-815A-149DBFBEB724}.Ad-Hoc|Any CPU.Build.0 = Debug|Any CPU
		{215B2B64-F6D4-46A0-815A-149DBFBEB724}.Ad-Hoc|iPhone.ActiveCfg = Debug|Any CPU
		{215B2B64-F6D4-46A0-815A-149DBFBEB724}.Ad-Hoc|iPhone.Build.0 = Debug|Any CPU
		{215B2B64-F6D4-46A0-815A-149DBFBEB724}.Ad-Hoc|iPhoneSimulator.ActiveCfg = Debug|Any CPU
		{215B2B64-F6D4-46A0-815A-149DBFBEB724}.Ad-Hoc|iPhoneSimulator.Build.0 = Debug|Any CPU
		{215B2B64-F6D4-46A0-815A-149DBFBEB724}.AppStore|Any CPU.ActiveCfg = Debug|Any CPU
		{215B2B64-F6D4-46A0-815A-149DBFBEB724}.AppStore|Any CPU.Build.0 = Debug|Any CPU
		{215B2B64-F6D4-46A0-815A-149DBFBEB724}.AppStore|iPhone.ActiveCfg = Debug|Any CPU
		{215B2B64-F6D4-46A0-815A-149DBFBEB724}.AppStore|iPhone.Build.0 = Debug|Any CPU
		{215B2B64-F6D4-46A0-815A-149DBFBEB724}.AppStore|iPhoneSimulator.ActiveCfg = Debug|Any CPU
		{215B2B64-F6D4-46A0-815A-149DBFBEB724}.AppStore|iPhoneSimulator.Build.0 = Debug|Any CPU
		{215B2B64-F6D4-46A0-815A-149DBFBEB724}.Debug|Any CPU.ActiveCfg = Debug|Any CPU
		{215B2B64-F6D4-46A0-815A-149DBFBEB724}.Debug|Any CPU.Build.0 = Debug|Any CPU
		{215B2B64-F6D4-46A0-815A-149DBFBEB724}.Debug|iPhone.ActiveCfg = Debug|Any CPU
		{215B2B64-F6D4-46A0-815A-149DBFBEB724}.Debug|iPhone.Build.0 = Debug|Any CPU
		{215B2B64-F6D4-46A0-815A-149DBFBEB724}.Debug|iPhoneSimulator.ActiveCfg = Debug|Any CPU
		{215B2B64-F6D4-46A0-815A-149DBFBEB724}.Debug|iPhoneSimulator.Build.0 = Debug|Any CPU
		{215B2B64-F6D4-46A0-815A-149DBFBEB724}.Release|Any CPU.ActiveCfg = Release|Any CPU
		{215B2B64-F6D4-46A0-815A-149DBFBEB724}.Release|Any CPU.Build.0 = Release|Any CPU
		{215B2B64-F6D4-46A0-815A-149DBFBEB724}.Release|iPhone.ActiveCfg = Release|Any CPU
		{215B2B64-F6D4-46A0-815A-149DBFBEB724}.Release|iPhone.Build.0 = Release|Any CPU
		{215B2B64-F6D4-46A0-815A-149DBFBEB724}.Release|iPhoneSimulator.ActiveCfg = Release|Any CPU
		{215B2B64-F6D4-46A0-815A-149DBFBEB724}.Release|iPhoneSimulator.Build.0 = Release|Any CPU
		{448F2DE8-558E-4FFA-9CB2-00E4FE3664FA}.Ad-Hoc|Any CPU.ActiveCfg = Release|Any CPU
		{448F2DE8-558E-4FFA-9CB2-00E4FE3664FA}.Ad-Hoc|Any CPU.Build.0 = Release|Any CPU
		{448F2DE8-558E-4FFA-9CB2-00E4FE3664FA}.Ad-Hoc|Any CPU.Deploy.0 = Release|Any CPU
		{448F2DE8-558E-4FFA-9CB2-00E4FE3664FA}.Ad-Hoc|iPhone.ActiveCfg = Release|Any CPU
		{448F2DE8-558E-4FFA-9CB2-00E4FE3664FA}.Ad-Hoc|iPhone.Build.0 = Release|Any CPU
		{448F2DE8-558E-4FFA-9CB2-00E4FE3664FA}.Ad-Hoc|iPhone.Deploy.0 = Release|Any CPU
		{448F2DE8-558E-4FFA-9CB2-00E4FE3664FA}.Ad-Hoc|iPhoneSimulator.ActiveCfg = Release|Any CPU
		{448F2DE8-558E-4FFA-9CB2-00E4FE3664FA}.Ad-Hoc|iPhoneSimulator.Build.0 = Release|Any CPU
		{448F2DE8-558E-4FFA-9CB2-00E4FE3664FA}.Ad-Hoc|iPhoneSimulator.Deploy.0 = Release|Any CPU
		{448F2DE8-558E-4FFA-9CB2-00E4FE3664FA}.AppStore|Any CPU.ActiveCfg = Release|Any CPU
		{448F2DE8-558E-4FFA-9CB2-00E4FE3664FA}.AppStore|Any CPU.Build.0 = Release|Any CPU
		{448F2DE8-558E-4FFA-9CB2-00E4FE3664FA}.AppStore|Any CPU.Deploy.0 = Release|Any CPU
		{448F2DE8-558E-4FFA-9CB2-00E4FE3664FA}.AppStore|iPhone.ActiveCfg = Release|Any CPU
		{448F2DE8-558E-4FFA-9CB2-00E4FE3664FA}.AppStore|iPhone.Build.0 = Release|Any CPU
		{448F2DE8-558E-4FFA-9CB2-00E4FE3664FA}.AppStore|iPhone.Deploy.0 = Release|Any CPU
		{448F2DE8-558E-4FFA-9CB2-00E4FE3664FA}.AppStore|iPhoneSimulator.ActiveCfg = Release|Any CPU
		{448F2DE8-558E-4FFA-9CB2-00E4FE3664FA}.AppStore|iPhoneSimulator.Build.0 = Release|Any CPU
		{448F2DE8-558E-4FFA-9CB2-00E4FE3664FA}.AppStore|iPhoneSimulator.Deploy.0 = Release|Any CPU
		{448F2DE8-558E-4FFA-9CB2-00E4FE3664FA}.Debug|Any CPU.ActiveCfg = Debug|Any CPU
		{448F2DE8-558E-4FFA-9CB2-00E4FE3664FA}.Debug|Any CPU.Build.0 = Debug|Any CPU
		{448F2DE8-558E-4FFA-9CB2-00E4FE3664FA}.Debug|Any CPU.Deploy.0 = Debug|Any CPU
		{448F2DE8-558E-4FFA-9CB2-00E4FE3664FA}.Debug|iPhone.ActiveCfg = Debug|Any CPU
		{448F2DE8-558E-4FFA-9CB2-00E4FE3664FA}.Debug|iPhone.Build.0 = Debug|Any CPU
		{448F2DE8-558E-4FFA-9CB2-00E4FE3664FA}.Debug|iPhone.Deploy.0 = Debug|Any CPU
		{448F2DE8-558E-4FFA-9CB2-00E4FE3664FA}.Debug|iPhoneSimulator.ActiveCfg = Debug|Any CPU
		{448F2DE8-558E-4FFA-9CB2-00E4FE3664FA}.Debug|iPhoneSimulator.Build.0 = Debug|Any CPU
		{448F2DE8-558E-4FFA-9CB2-00E4FE3664FA}.Debug|iPhoneSimulator.Deploy.0 = Debug|Any CPU
		{448F2DE8-558E-4FFA-9CB2-00E4FE3664FA}.Release|Any CPU.ActiveCfg = Release|Any CPU
		{448F2DE8-558E-4FFA-9CB2-00E4FE3664FA}.Release|Any CPU.Build.0 = Release|Any CPU
		{448F2DE8-558E-4FFA-9CB2-00E4FE3664FA}.Release|Any CPU.Deploy.0 = Release|Any CPU
		{448F2DE8-558E-4FFA-9CB2-00E4FE3664FA}.Release|iPhone.ActiveCfg = Release|Any CPU
		{448F2DE8-558E-4FFA-9CB2-00E4FE3664FA}.Release|iPhone.Build.0 = Release|Any CPU
		{448F2DE8-558E-4FFA-9CB2-00E4FE3664FA}.Release|iPhone.Deploy.0 = Release|Any CPU
		{448F2DE8-558E-4FFA-9CB2-00E4FE3664FA}.Release|iPhoneSimulator.ActiveCfg = Release|Any CPU
		{448F2DE8-558E-4FFA-9CB2-00E4FE3664FA}.Release|iPhoneSimulator.Build.0 = Release|Any CPU
		{448F2DE8-558E-4FFA-9CB2-00E4FE3664FA}.Release|iPhoneSimulator.Deploy.0 = Release|Any CPU
		{8596A37D-E168-4BEB-B8DE-CF815487C47D}.Ad-Hoc|Any CPU.ActiveCfg = Ad-Hoc|iPhone
		{8596A37D-E168-4BEB-B8DE-CF815487C47D}.Ad-Hoc|iPhone.ActiveCfg = Ad-Hoc|iPhone
		{8596A37D-E168-4BEB-B8DE-CF815487C47D}.Ad-Hoc|iPhone.Build.0 = Ad-Hoc|iPhone
		{8596A37D-E168-4BEB-B8DE-CF815487C47D}.Ad-Hoc|iPhoneSimulator.ActiveCfg = Ad-Hoc|iPhoneSimulator
		{8596A37D-E168-4BEB-B8DE-CF815487C47D}.Ad-Hoc|iPhoneSimulator.Build.0 = Ad-Hoc|iPhoneSimulator
		{8596A37D-E168-4BEB-B8DE-CF815487C47D}.AppStore|Any CPU.ActiveCfg = AppStore|iPhone
		{8596A37D-E168-4BEB-B8DE-CF815487C47D}.AppStore|iPhone.ActiveCfg = AppStore|iPhone
		{8596A37D-E168-4BEB-B8DE-CF815487C47D}.AppStore|iPhone.Build.0 = AppStore|iPhone
		{8596A37D-E168-4BEB-B8DE-CF815487C47D}.AppStore|iPhoneSimulator.ActiveCfg = AppStore|iPhoneSimulator
		{8596A37D-E168-4BEB-B8DE-CF815487C47D}.AppStore|iPhoneSimulator.Build.0 = AppStore|iPhoneSimulator
		{8596A37D-E168-4BEB-B8DE-CF815487C47D}.Debug|Any CPU.ActiveCfg = Debug|iPhone
		{8596A37D-E168-4BEB-B8DE-CF815487C47D}.Debug|iPhone.ActiveCfg = Debug|iPhone
		{8596A37D-E168-4BEB-B8DE-CF815487C47D}.Debug|iPhone.Build.0 = Debug|iPhone
		{8596A37D-E168-4BEB-B8DE-CF815487C47D}.Debug|iPhoneSimulator.ActiveCfg = Debug|iPhoneSimulator
		{8596A37D-E168-4BEB-B8DE-CF815487C47D}.Debug|iPhoneSimulator.Build.0 = Debug|iPhoneSimulator
		{8596A37D-E168-4BEB-B8DE-CF815487C47D}.Release|Any CPU.ActiveCfg = Release|iPhone
		{8596A37D-E168-4BEB-B8DE-CF815487C47D}.Release|iPhone.ActiveCfg = Release|iPhone
		{8596A37D-E168-4BEB-B8DE-CF815487C47D}.Release|iPhone.Build.0 = Release|iPhone
		{8596A37D-E168-4BEB-B8DE-CF815487C47D}.Release|iPhoneSimulator.ActiveCfg = Release|iPhoneSimulator
		{8596A37D-E168-4BEB-B8DE-CF815487C47D}.Release|iPhoneSimulator.Build.0 = Release|iPhoneSimulator
		{D29994BB-60F4-48EB-BE6E-03A2D86FA823}.Ad-Hoc|Any CPU.ActiveCfg = Release|Any CPU
		{D29994BB-60F4-48EB-BE6E-03A2D86FA823}.Ad-Hoc|Any CPU.Build.0 = Release|Any CPU
		{D29994BB-60F4-48EB-BE6E-03A2D86FA823}.Ad-Hoc|Any CPU.Deploy.0 = Release|Any CPU
		{D29994BB-60F4-48EB-BE6E-03A2D86FA823}.Ad-Hoc|iPhone.ActiveCfg = Release|Any CPU
		{D29994BB-60F4-48EB-BE6E-03A2D86FA823}.Ad-Hoc|iPhone.Build.0 = Release|Any CPU
		{D29994BB-60F4-48EB-BE6E-03A2D86FA823}.Ad-Hoc|iPhone.Deploy.0 = Release|Any CPU
		{D29994BB-60F4-48EB-BE6E-03A2D86FA823}.Ad-Hoc|iPhoneSimulator.ActiveCfg = Release|Any CPU
		{D29994BB-60F4-48EB-BE6E-03A2D86FA823}.Ad-Hoc|iPhoneSimulator.Build.0 = Release|Any CPU
		{D29994BB-60F4-48EB-BE6E-03A2D86FA823}.Ad-Hoc|iPhoneSimulator.Deploy.0 = Release|Any CPU
		{D29994BB-60F4-48EB-BE6E-03A2D86FA823}.AppStore|Any CPU.ActiveCfg = Release|Any CPU
		{D29994BB-60F4-48EB-BE6E-03A2D86FA823}.AppStore|Any CPU.Build.0 = Release|Any CPU
		{D29994BB-60F4-48EB-BE6E-03A2D86FA823}.AppStore|Any CPU.Deploy.0 = Release|Any CPU
		{D29994BB-60F4-48EB-BE6E-03A2D86FA823}.AppStore|iPhone.ActiveCfg = Release|Any CPU
		{D29994BB-60F4-48EB-BE6E-03A2D86FA823}.AppStore|iPhone.Build.0 = Release|Any CPU
		{D29994BB-60F4-48EB-BE6E-03A2D86FA823}.AppStore|iPhone.Deploy.0 = Release|Any CPU
		{D29994BB-60F4-48EB-BE6E-03A2D86FA823}.AppStore|iPhoneSimulator.ActiveCfg = Release|Any CPU
		{D29994BB-60F4-48EB-BE6E-03A2D86FA823}.AppStore|iPhoneSimulator.Build.0 = Release|Any CPU
		{D29994BB-60F4-48EB-BE6E-03A2D86FA823}.AppStore|iPhoneSimulator.Deploy.0 = Release|Any CPU
		{D29994BB-60F4-48EB-BE6E-03A2D86FA823}.Debug|Any CPU.ActiveCfg = Debug|Any CPU
		{D29994BB-60F4-48EB-BE6E-03A2D86FA823}.Debug|Any CPU.Build.0 = Debug|Any CPU
		{D29994BB-60F4-48EB-BE6E-03A2D86FA823}.Debug|Any CPU.Deploy.0 = Debug|Any CPU
		{D29994BB-60F4-48EB-BE6E-03A2D86FA823}.Debug|iPhone.ActiveCfg = Debug|Any CPU
		{D29994BB-60F4-48EB-BE6E-03A2D86FA823}.Debug|iPhone.Build.0 = Debug|Any CPU
		{D29994BB-60F4-48EB-BE6E-03A2D86FA823}.Debug|iPhone.Deploy.0 = Debug|Any CPU
		{D29994BB-60F4-48EB-BE6E-03A2D86FA823}.Debug|iPhoneSimulator.ActiveCfg = Debug|Any CPU
		{D29994BB-60F4-48EB-BE6E-03A2D86FA823}.Debug|iPhoneSimulator.Build.0 = Debug|Any CPU
		{D29994BB-60F4-48EB-BE6E-03A2D86FA823}.Debug|iPhoneSimulator.Deploy.0 = Debug|Any CPU
		{D29994BB-60F4-48EB-BE6E-03A2D86FA823}.Release|Any CPU.ActiveCfg = Release|Any CPU
		{D29994BB-60F4-48EB-BE6E-03A2D86FA823}.Release|Any CPU.Build.0 = Release|Any CPU
		{D29994BB-60F4-48EB-BE6E-03A2D86FA823}.Release|Any CPU.Deploy.0 = Release|Any CPU
		{D29994BB-60F4-48EB-BE6E-03A2D86FA823}.Release|iPhone.ActiveCfg = Release|Any CPU
		{D29994BB-60F4-48EB-BE6E-03A2D86FA823}.Release|iPhone.Build.0 = Release|Any CPU
		{D29994BB-60F4-48EB-BE6E-03A2D86FA823}.Release|iPhone.Deploy.0 = Release|Any CPU
		{D29994BB-60F4-48EB-BE6E-03A2D86FA823}.Release|iPhoneSimulator.ActiveCfg = Release|Any CPU
		{D29994BB-60F4-48EB-BE6E-03A2D86FA823}.Release|iPhoneSimulator.Build.0 = Release|Any CPU
		{D29994BB-60F4-48EB-BE6E-03A2D86FA823}.Release|iPhoneSimulator.Deploy.0 = Release|Any CPU
		{9C0E7F84-9BE6-44A6-8D08-E886D5C3BD95}.Ad-Hoc|Any CPU.ActiveCfg = Release|iPhone
		{9C0E7F84-9BE6-44A6-8D08-E886D5C3BD95}.Ad-Hoc|Any CPU.Build.0 = Release|iPhone
		{9C0E7F84-9BE6-44A6-8D08-E886D5C3BD95}.Ad-Hoc|iPhone.ActiveCfg = Release|iPhone
		{9C0E7F84-9BE6-44A6-8D08-E886D5C3BD95}.Ad-Hoc|iPhone.Build.0 = Release|iPhone
		{9C0E7F84-9BE6-44A6-8D08-E886D5C3BD95}.Ad-Hoc|iPhoneSimulator.ActiveCfg = Release|iPhoneSimulator
		{9C0E7F84-9BE6-44A6-8D08-E886D5C3BD95}.Ad-Hoc|iPhoneSimulator.Build.0 = Release|iPhoneSimulator
		{9C0E7F84-9BE6-44A6-8D08-E886D5C3BD95}.AppStore|Any CPU.ActiveCfg = Release|iPhone
		{9C0E7F84-9BE6-44A6-8D08-E886D5C3BD95}.AppStore|Any CPU.Build.0 = Release|iPhone
		{9C0E7F84-9BE6-44A6-8D08-E886D5C3BD95}.AppStore|iPhone.ActiveCfg = Release|iPhone
		{9C0E7F84-9BE6-44A6-8D08-E886D5C3BD95}.AppStore|iPhone.Build.0 = Release|iPhone
		{9C0E7F84-9BE6-44A6-8D08-E886D5C3BD95}.AppStore|iPhoneSimulator.ActiveCfg = Release|iPhoneSimulator
		{9C0E7F84-9BE6-44A6-8D08-E886D5C3BD95}.AppStore|iPhoneSimulator.Build.0 = Release|iPhoneSimulator
		{9C0E7F84-9BE6-44A6-8D08-E886D5C3BD95}.Debug|Any CPU.ActiveCfg = Debug|iPhone
		{9C0E7F84-9BE6-44A6-8D08-E886D5C3BD95}.Debug|iPhone.ActiveCfg = Debug|iPhone
		{9C0E7F84-9BE6-44A6-8D08-E886D5C3BD95}.Debug|iPhone.Build.0 = Debug|iPhone
		{9C0E7F84-9BE6-44A6-8D08-E886D5C3BD95}.Debug|iPhoneSimulator.ActiveCfg = Debug|iPhoneSimulator
		{9C0E7F84-9BE6-44A6-8D08-E886D5C3BD95}.Debug|iPhoneSimulator.Build.0 = Debug|iPhoneSimulator
		{9C0E7F84-9BE6-44A6-8D08-E886D5C3BD95}.Release|Any CPU.ActiveCfg = Release|iPhone
		{9C0E7F84-9BE6-44A6-8D08-E886D5C3BD95}.Release|iPhone.ActiveCfg = Release|iPhone
		{9C0E7F84-9BE6-44A6-8D08-E886D5C3BD95}.Release|iPhone.Build.0 = Release|iPhone
		{9C0E7F84-9BE6-44A6-8D08-E886D5C3BD95}.Release|iPhoneSimulator.ActiveCfg = Release|iPhoneSimulator
		{9C0E7F84-9BE6-44A6-8D08-E886D5C3BD95}.Release|iPhoneSimulator.Build.0 = Release|iPhoneSimulator
		{1A8F5538-FE17-4154-9866-D767A8E66932}.Ad-Hoc|Any CPU.ActiveCfg = Debug|Any CPU
		{1A8F5538-FE17-4154-9866-D767A8E66932}.Ad-Hoc|Any CPU.Build.0 = Debug|Any CPU
		{1A8F5538-FE17-4154-9866-D767A8E66932}.Ad-Hoc|iPhone.ActiveCfg = Debug|Any CPU
		{1A8F5538-FE17-4154-9866-D767A8E66932}.Ad-Hoc|iPhone.Build.0 = Debug|Any CPU
		{1A8F5538-FE17-4154-9866-D767A8E66932}.Ad-Hoc|iPhoneSimulator.ActiveCfg = Debug|Any CPU
		{1A8F5538-FE17-4154-9866-D767A8E66932}.Ad-Hoc|iPhoneSimulator.Build.0 = Debug|Any CPU
		{1A8F5538-FE17-4154-9866-D767A8E66932}.AppStore|Any CPU.ActiveCfg = Debug|Any CPU
		{1A8F5538-FE17-4154-9866-D767A8E66932}.AppStore|Any CPU.Build.0 = Debug|Any CPU
		{1A8F5538-FE17-4154-9866-D767A8E66932}.AppStore|iPhone.ActiveCfg = Debug|Any CPU
		{1A8F5538-FE17-4154-9866-D767A8E66932}.AppStore|iPhone.Build.0 = Debug|Any CPU
		{1A8F5538-FE17-4154-9866-D767A8E66932}.AppStore|iPhoneSimulator.ActiveCfg = Debug|Any CPU
		{1A8F5538-FE17-4154-9866-D767A8E66932}.AppStore|iPhoneSimulator.Build.0 = Debug|Any CPU
		{1A8F5538-FE17-4154-9866-D767A8E66932}.Debug|Any CPU.ActiveCfg = Debug|Any CPU
		{1A8F5538-FE17-4154-9866-D767A8E66932}.Debug|Any CPU.Build.0 = Debug|Any CPU
		{1A8F5538-FE17-4154-9866-D767A8E66932}.Debug|iPhone.ActiveCfg = Debug|Any CPU
		{1A8F5538-FE17-4154-9866-D767A8E66932}.Debug|iPhone.Build.0 = Debug|Any CPU
		{1A8F5538-FE17-4154-9866-D767A8E66932}.Debug|iPhoneSimulator.ActiveCfg = Debug|Any CPU
		{1A8F5538-FE17-4154-9866-D767A8E66932}.Debug|iPhoneSimulator.Build.0 = Debug|Any CPU
		{1A8F5538-FE17-4154-9866-D767A8E66932}.Release|Any CPU.ActiveCfg = Release|Any CPU
		{1A8F5538-FE17-4154-9866-D767A8E66932}.Release|Any CPU.Build.0 = Release|Any CPU
		{1A8F5538-FE17-4154-9866-D767A8E66932}.Release|iPhone.ActiveCfg = Release|Any CPU
		{1A8F5538-FE17-4154-9866-D767A8E66932}.Release|iPhone.Build.0 = Release|Any CPU
		{1A8F5538-FE17-4154-9866-D767A8E66932}.Release|iPhoneSimulator.ActiveCfg = Release|Any CPU
		{1A8F5538-FE17-4154-9866-D767A8E66932}.Release|iPhoneSimulator.Build.0 = Release|Any CPU
	EndGlobalSection
	GlobalSection(SolutionProperties) = preSolution
		HideSolutionNode = FALSE
	EndGlobalSection
	GlobalSection(ExtensibilityGlobals) = postSolution
		SolutionGuid = {AB21E832-A56D-46B6-972E-947A7751F002}
	EndGlobalSection
EndGlobal
